
Microsoft Visual Studio Solution File, Format Version 12.00
Project("{F2A71F9B-5D33-465A-A702-920D77279786}") = "SudokuKata", "SudokuKata.fsproj", "{F38151E6-30CB-42F1-9BDA-D23D01D4EA4E}"
EndProject
Global
	GlobalSection(SolutionConfigurationPlatforms) = preSolution
		Debug|Any CPU = Debug|Any CPU
		Release|Any CPU = Release|Any CPU
	EndGlobalSection
	GlobalSection(ProjectConfigurationPlatforms) = postSolution
		{F38151E6-30CB-42F1-9BDA-D23D01D4EA4E}.Debug|Any CPU.ActiveCfg = Debug|Any CPU
		{F38151E6-30CB-42F1-9BDA-D23D01D4EA4E}.Debug|Any CPU.Build.0 = Debug|Any CPU
		{F38151E6-30CB-42F1-9BDA-D23D01D4EA4E}.Release|Any CPU.ActiveCfg = Release|Any CPU
		{F38151E6-30CB-42F1-9BDA-D23D01D4EA4E}.Release|Any CPU.Build.0 = Release|Any CPU
	EndGlobalSection
EndGlobal
